
Microsoft Visual Studio Solution File, Format Version 12.00
# Visual Studio 14
VisualStudioVersion = 14.0.25420.1
MinimumVisualStudioVersion = 10.0.40219.1
Project("{2150E333-8FDC-42A3-9474-1A3956D46DE8}") = "src", "src", "{F3D1B9AA-9AE7-474A-98C9-A8E54D962925}"
EndProject
Project("{2150E333-8FDC-42A3-9474-1A3956D46DE8}") = "Solution Items", "Solution Items", "{DB0AF5C4-7AAF-4881-9081-540C95846AE2}"
	ProjectSection(SolutionItems) = preProject
		global.json = global.json
	EndProjectSection
EndProject
Project("{8BB2217D-0F2D-49D1-97BC-3654ED321F3B}") = "Web", "src\Web\Web.xproj", "{FACE75F5-3C0A-4EA5-AB4A-AC50D6295C5C}"
EndProject
Global
	GlobalSection(SolutionConfigurationPlatforms) = preSolution
		Debug|Any CPU = Debug|Any CPU
		Release|Any CPU = Release|Any CPU
	EndGlobalSection
	GlobalSection(ProjectConfigurationPlatforms) = postSolution
		{FACE75F5-3C0A-4EA5-AB4A-AC50D6295C5C}.Debug|Any CPU.ActiveCfg = Debug|Any CPU
		{FACE75F5-3C0A-4EA5-AB4A-AC50D6295C5C}.Debug|Any CPU.Build.0 = Debug|Any CPU
		{FACE75F5-3C0A-4EA5-AB4A-AC50D6295C5C}.Release|Any CPU.ActiveCfg = Release|Any CPU
		{FACE75F5-3C0A-4EA5-AB4A-AC50D6295C5C}.Release|Any CPU.Build.0 = Release|Any CPU
	EndGlobalSection
	GlobalSection(SolutionProperties) = preSolution
		HideSolutionNode = FALSE
	EndGlobalSection
	GlobalSection(NestedProjects) = preSolution
		{FACE75F5-3C0A-4EA5-AB4A-AC50D6295C5C} = {F3D1B9AA-9AE7-474A-98C9-A8E54D962925}
	EndGlobalSection
EndGlobal
